
Microsoft Visual Studio Solution File, Format Version 12.00
# Visual Studio 15
VisualStudioVersion = 15.0.27428.2015
MinimumVisualStudioVersion = 10.0.40219.1
Project("{8BC9CEB8-8B4A-11D0-8D11-00A0C91BC942}") = "Chapter17", "Chapter17\Chapter17.vcxproj", "{4E0D47C2-62B3-4007-B055-B5E0F6F007C8}"
EndProject
Global
	GlobalSection(SolutionConfigurationPlatforms) = preSolution
		Debug|x64 = Debug|x64
		Debug|x86 = Debug|x86
		Release|x64 = Release|x64
		Release|x86 = Release|x86
	EndGlobalSection
	GlobalSection(ProjectConfigurationPlatforms) = postSolution
		{4E0D47C2-62B3-4007-B055-B5E0F6F007C8}.Debug|x64.ActiveCfg = Debug|x64
		{4E0D47C2-62B3-4007-B055-B5E0F6F007C8}.Debug|x64.Build.0 = Debug|x64
		{4E0D47C2-62B3-4007-B055-B5E0F6F007C8}.Debug|x86.ActiveCfg = Debug|Win32
		{4E0D47C2-62B3-4007-B055-B5E0F6F007C8}.Debug|x86.Build.0 = Debug|Win32
		{4E0D47C2-62B3-4007-B055-B5E0F6F007C8}.Release|x64.ActiveCfg = Release|x64
		{4E0D47C2-62B3-4007-B055-B5E0F6F007C8}.Release|x64.Build.0 = Release|x64
		{4E0D47C2-62B3-4007-B055-B5E0F6F007C8}.Release|x86.ActiveCfg = Release|Win32
		{4E0D47C2-62B3-4007-B055-B5E0F6F007C8}.Release|x86.Build.0 = Release|Win32
	EndGlobalSection
	GlobalSection(SolutionProperties) = preSolution
		HideSolutionNode = FALSE
	EndGlobalSection
	GlobalSection(ExtensibilityGlobals) = postSolution
		SolutionGuid = {DF55A0EC-8465-4ADB-B427-1100E9CBB003}
	EndGlobalSection
EndGlobal
