
Microsoft Visual Studio Solution File, Format Version 12.00
# Visual Studio 15
VisualStudioVersion = 15.0.27428.2015
MinimumVisualStudioVersion = 10.0.40219.1
Project("{8BC9CEB8-8B4A-11D0-8D11-00A0C91BC942}") = "Chapter11", "Chapter11\Chapter11.vcxproj", "{DF958169-0799-4B50-A4DB-AFD9C2197B55}"
EndProject
Global
	GlobalSection(SolutionConfigurationPlatforms) = preSolution
		Debug|x64 = Debug|x64
		Debug|x86 = Debug|x86
		Release|x64 = Release|x64
		Release|x86 = Release|x86
	EndGlobalSection
	GlobalSection(ProjectConfigurationPlatforms) = postSolution
		{DF958169-0799-4B50-A4DB-AFD9C2197B55}.Debug|x64.ActiveCfg = Debug|x64
		{DF958169-0799-4B50-A4DB-AFD9C2197B55}.Debug|x64.Build.0 = Debug|x64
		{DF958169-0799-4B50-A4DB-AFD9C2197B55}.Debug|x86.ActiveCfg = Debug|Win32
		{DF958169-0799-4B50-A4DB-AFD9C2197B55}.Debug|x86.Build.0 = Debug|Win32
		{DF958169-0799-4B50-A4DB-AFD9C2197B55}.Release|x64.ActiveCfg = Release|x64
		{DF958169-0799-4B50-A4DB-AFD9C2197B55}.Release|x64.Build.0 = Release|x64
		{DF958169-0799-4B50-A4DB-AFD9C2197B55}.Release|x86.ActiveCfg = Release|Win32
		{DF958169-0799-4B50-A4DB-AFD9C2197B55}.Release|x86.Build.0 = Release|Win32
	EndGlobalSection
	GlobalSection(SolutionProperties) = preSolution
		HideSolutionNode = FALSE
	EndGlobalSection
	GlobalSection(ExtensibilityGlobals) = postSolution
		SolutionGuid = {1D6DE168-429D-41B9-A2AB-70F9428BFF90}
	EndGlobalSection
EndGlobal
