
Microsoft Visual Studio Solution File, Format Version 12.00
# Visual Studio 15
VisualStudioVersion = 15.0.27130.2010
MinimumVisualStudioVersion = 10.0.40219.1
Project("{8BC9CEB8-8B4A-11D0-8D11-00A0C91BC942}") = "Chapter1", "Chapter1\Chapter1.vcxproj", "{49877496-3732-41FA-A732-C4E9A64DD05F}"
EndProject
Global
	GlobalSection(SolutionConfigurationPlatforms) = preSolution
		Debug|x64 = Debug|x64
		Debug|x86 = Debug|x86
		Release|x64 = Release|x64
		Release|x86 = Release|x86
	EndGlobalSection
	GlobalSection(ProjectConfigurationPlatforms) = postSolution
		{49877496-3732-41FA-A732-C4E9A64DD05F}.Debug|x64.ActiveCfg = Debug|x64
		{49877496-3732-41FA-A732-C4E9A64DD05F}.Debug|x64.Build.0 = Debug|x64
		{49877496-3732-41FA-A732-C4E9A64DD05F}.Debug|x86.ActiveCfg = Debug|Win32
		{49877496-3732-41FA-A732-C4E9A64DD05F}.Debug|x86.Build.0 = Debug|Win32
		{49877496-3732-41FA-A732-C4E9A64DD05F}.Release|x64.ActiveCfg = Release|x64
		{49877496-3732-41FA-A732-C4E9A64DD05F}.Release|x64.Build.0 = Release|x64
		{49877496-3732-41FA-A732-C4E9A64DD05F}.Release|x86.ActiveCfg = Release|Win32
		{49877496-3732-41FA-A732-C4E9A64DD05F}.Release|x86.Build.0 = Release|Win32
	EndGlobalSection
	GlobalSection(SolutionProperties) = preSolution
		HideSolutionNode = FALSE
	EndGlobalSection
	GlobalSection(ExtensibilityGlobals) = postSolution
		SolutionGuid = {402EAD20-C282-4D00-9628-7F3351ABA3FE}
	EndGlobalSection
EndGlobal
